{
  "requires": true,
  "lockfileVersion": 1,
  "dependencies": {
    "bootstrap": {
      "version": "3.3.7",
      "resolved": "https://registry.npmjs.org/bootstrap/-/bootstrap-3.3.7.tgz",
      "integrity": "sha1-WjiTlFSfIzMIdaOxUGVldPip63E="
    },
    "bootstrap-rtl": {
      "version": "3.3.4",
      "resolved": "https://registry.npmjs.org/bootstrap-rtl/-/bootstrap-rtl-3.3.4.tgz",
      "integrity": "sha1-T4E+b86Rqp9HrUf0gXI1WvYcGxE=",
      "requires": {
        "bootstrap": "^3.3.4"
      }
    }
  }
}
