{
  "requires": true,
  "lockfileVersion": 1,
  "dependencies": {
    "@types/jquery": {
      "version": "3.3.11",
      "resolved": "https://registry.npmjs.org/@types/jquery/-/jquery-3.3.11.tgz",
      "integrity": "sha512-wdPdonsSg1pf+OY1tlAxB31XHGUZgVGcIR55Fa74U9s43tGdWwrbwOCfjub8NrjF9H+8gPD2wyFdoXsQmfAQjg=="
    },
    "bootstrap": {
      "version": "3.3.7",
      "resolved": "http://registry.npmjs.org/bootstrap/-/bootstrap-3.3.7.tgz",
      "integrity": "sha1-WjiTlFSfIzMIdaOxUGVldPip63E="
    },
    "bootstrap-rtl": {
      "version": "3.3.4",
      "resolved": "https://registry.npmjs.org/bootstrap-rtl/-/bootstrap-rtl-3.3.4.tgz",
      "integrity": "sha1-T4E+b86Rqp9HrUf0gXI1WvYcGxE=",
      "requires": {
        "bootstrap": "^3.3.4"
      }
    },
    "jquery": {
      "version": "3.3.1",
      "resolved": "https://registry.npmjs.org/jquery/-/jquery-3.3.1.tgz",
      "integrity": "sha512-Ubldcmxp5np52/ENotGxlLe6aGMvmF4R8S6tZjsP6Knsaxd/xp3Zrh50cG93lR6nPXyUFwzN3ZSOQI0wRJNdGg=="
    },
    "systemjs": {
      "version": "2.0.1",
      "resolved": "https://registry.npmjs.org/systemjs/-/systemjs-2.0.1.tgz",
      "integrity": "sha512-ha7E8+4hx/1UxbpsLcWOZI/Mf1VP+TyEEx8U3I60fPuKvbnu9tanAm0JfJteGqk0JggyYaB3R0u16gAjiJMFaQ=="
    }
  }
}
